
Microsoft Visual Studio Solution File, Format Version 12.00
# Visual Studio 15
VisualStudioVersion = 15.0.28307.106
MinimumVisualStudioVersion = 10.0.40219.1
Project("{FAE04EC0-301F-11D3-BF4B-00C04F79EFBC}") = "Tainted_renaming", "Tainted_renaming\Tainted_renaming.csproj", "{52B0D7EF-1978-4905-BB74-C860E843C5B3}"
EndProject
Global
	GlobalSection(SolutionConfigurationPlatforms) = preSolution
		Debug|Any CPU = Debug|Any CPU
		Release|Any CPU = Release|Any CPU
	EndGlobalSection
	GlobalSection(ProjectConfigurationPlatforms) = postSolution
		{52B0D7EF-1978-4905-BB74-C860E843C5B3}.Debug|Any CPU.ActiveCfg = Debug|Any CPU
		{52B0D7EF-1978-4905-BB74-C860E843C5B3}.Debug|Any CPU.Build.0 = Debug|Any CPU
		{52B0D7EF-1978-4905-BB74-C860E843C5B3}.Release|Any CPU.ActiveCfg = Release|Any CPU
		{52B0D7EF-1978-4905-BB74-C860E843C5B3}.Release|Any CPU.Build.0 = Release|Any CPU
	EndGlobalSection
	GlobalSection(SolutionProperties) = preSolution
		HideSolutionNode = FALSE
	EndGlobalSection
	GlobalSection(ExtensibilityGlobals) = postSolution
		SolutionGuid = {D0AB3699-F475-4DD1-B99E-852A00C2EF40}
	EndGlobalSection
EndGlobal
